{
  "requires": true,
  "lockfileVersion": 1,
  "dependencies": {
    "now": {
      "version": "9.3.2",
      "resolved": "https://registry.npmjs.org/now/-/now-9.3.2.tgz",
      "integrity": "sha512-uYm8W5pUynLdOtHqRocDq6BlXz/6Sh5t3i0CNzu7JrO4R+2SD6kYsS6qLJMwDXj8JYzlf3thkYPpZVlO9DKp5Q=="
    }
  }
}
